
Microsoft Visual Studio Solution File, Format Version 12.00
# Visual Studio Version 16
VisualStudioVersion = 16.0.30225.117
MinimumVisualStudioVersion = 10.0.40219.1
Project("{9A19103F-16F7-4668-BE54-9A1E7A4F7556}") = "ydb.Common.BLL", "ydb.Common\ydb.Common.BLL.csproj", "{BFC4EADF-20AD-4886-A7D8-191221965AD3}"
EndProject
Project("{9A19103F-16F7-4668-BE54-9A1E7A4F7556}") = "ydb.BLL", "ydb.BLL\ydb.BLL.csproj", "{958E860A-6FF4-4CB2-B49A-869DD7640C59}"
EndProject
Project("{9A19103F-16F7-4668-BE54-9A1E7A4F7556}") = "ydb.Report", "ydb.Report\ydb.Report.csproj", "{0E0D1F3A-6A1E-4F6D-88BB-00A25CF76AC7}"
EndProject
Project("{FAE04EC0-301F-11D3-BF4B-00C04F79EFBC}") = "ydb.WebService", "ydb.WebService\ydb.WebService.csproj", "{3DDF4446-98B8-4055-AFC9-BD66169A0DD1}"
EndProject
Project("{9A19103F-16F7-4668-BE54-9A1E7A4F7556}") = "ydb.DataService", "ydb.DataService\ydb.DataService.csproj", "{62168D42-E2DA-4EC8-82C7-355F46191DFC}"
EndProject
Project("{9A19103F-16F7-4668-BE54-9A1E7A4F7556}") = "ydb.BLL.Works", "ydb.BLL.Works\ydb.BLL.Works.csproj", "{79C08865-BE69-496E-AC15-6EEC727A0A65}"
EndProject
Project("{9A19103F-16F7-4668-BE54-9A1E7A4F7556}") = "YRBApp", "YRBApp\YRBApp.csproj", "{13B8518D-2A24-4194-A12B-70A23D2C81E6}"
EndProject
Project("{9A19103F-16F7-4668-BE54-9A1E7A4F7556}") = "iTR.LibCore", "iTR.LibCore\iTR.LibCore.csproj", "{7659A52F-D4CB-42B3-AFF8-0B525319BE57}"
EndProject
Project("{2150E333-8FDC-42A3-9474-1A3956D46DE8}") = "Infrastructure", "Infrastructure", "{8989B9D3-70D5-4996-BE29-F32152CE7A8E}"
EndProject
Project("{9A19103F-16F7-4668-BE54-9A1E7A4F7556}") = "YRB.Infrastructure", "YRB.Infrastructure\YRB.Infrastructure.csproj", "{CC967217-1909-497B-BCA5-970AE8A30747}"
EndProject
Project("{2150E333-8FDC-42A3-9474-1A3956D46DE8}") = "Domain", "Domain", "{AD8351FF-81D0-47F1-8BC1-C05967B3A625}"
EndProject
Project("{9A19103F-16F7-4668-BE54-9A1E7A4F7556}") = "ydb.Domain", "ydb.Domain\ydb.Domain.csproj", "{17A37D44-264C-428D-AFC9-2C4DB61B0C22}"
EndProject
Project("{9A19103F-16F7-4668-BE54-9A1E7A4F7556}") = "YRBApp.Test", "YRBApp.Test\YRBApp.Test.csproj", "{B23427E3-B322-4003-8CCD-1C3840213B43}"
EndProject
Project("{2150E333-8FDC-42A3-9474-1A3956D46DE8}") = "Repository", "Repository", "{C84685B9-4921-464F-94E6-354A25BBDF47}"
EndProject
Project("{9A19103F-16F7-4668-BE54-9A1E7A4F7556}") = "Repository", "Repository\Repository.csproj", "{E9689D3A-E404-48E3-9544-138358EB13B1}"
EndProject
Project("{9A19103F-16F7-4668-BE54-9A1E7A4F7556}") = "CashBase.Common", "CashBase.Common\CashBase.Common.csproj", "{2F5173A6-7775-4468-AD3E-E3E599D6EE8D}"
EndProject
Global
	GlobalSection(SolutionConfigurationPlatforms) = preSolution
		Debug|Any CPU = Debug|Any CPU
		Debug|Mixed Platforms = Debug|Mixed Platforms
		Debug|x86 = Debug|x86
		Release|Any CPU = Release|Any CPU
		Release|Mixed Platforms = Release|Mixed Platforms
		Release|x86 = Release|x86
	EndGlobalSection
	GlobalSection(ProjectConfigurationPlatforms) = postSolution
		{BFC4EADF-20AD-4886-A7D8-191221965AD3}.Debug|Any CPU.ActiveCfg = Debug|Any CPU
		{BFC4EADF-20AD-4886-A7D8-191221965AD3}.Debug|Any CPU.Build.0 = Debug|Any CPU
		{BFC4EADF-20AD-4886-A7D8-191221965AD3}.Debug|Mixed Platforms.ActiveCfg = Debug|Any CPU
		{BFC4EADF-20AD-4886-A7D8-191221965AD3}.Debug|Mixed Platforms.Build.0 = Debug|Any CPU
		{BFC4EADF-20AD-4886-A7D8-191221965AD3}.Debug|x86.ActiveCfg = Debug|Any CPU
		{BFC4EADF-20AD-4886-A7D8-191221965AD3}.Release|Any CPU.ActiveCfg = Release|Any CPU
		{BFC4EADF-20AD-4886-A7D8-191221965AD3}.Release|Any CPU.Build.0 = Release|Any CPU
		{BFC4EADF-20AD-4886-A7D8-191221965AD3}.Release|Mixed Platforms.ActiveCfg = Release|Any CPU
		{BFC4EADF-20AD-4886-A7D8-191221965AD3}.Release|Mixed Platforms.Build.0 = Release|Any CPU
		{BFC4EADF-20AD-4886-A7D8-191221965AD3}.Release|x86.ActiveCfg = Release|Any CPU
		{958E860A-6FF4-4CB2-B49A-869DD7640C59}.Debug|Any CPU.ActiveCfg = Debug|Any CPU
		{958E860A-6FF4-4CB2-B49A-869DD7640C59}.Debug|Any CPU.Build.0 = Debug|Any CPU
		{958E860A-6FF4-4CB2-B49A-869DD7640C59}.Debug|Mixed Platforms.ActiveCfg = Debug|Any CPU
		{958E860A-6FF4-4CB2-B49A-869DD7640C59}.Debug|Mixed Platforms.Build.0 = Debug|Any CPU
		{958E860A-6FF4-4CB2-B49A-869DD7640C59}.Debug|x86.ActiveCfg = Debug|Any CPU
		{958E860A-6FF4-4CB2-B49A-869DD7640C59}.Debug|x86.Build.0 = Debug|Any CPU
		{958E860A-6FF4-4CB2-B49A-869DD7640C59}.Release|Any CPU.ActiveCfg = Release|Any CPU
		{958E860A-6FF4-4CB2-B49A-869DD7640C59}.Release|Any CPU.Build.0 = Release|Any CPU
		{958E860A-6FF4-4CB2-B49A-869DD7640C59}.Release|Mixed Platforms.ActiveCfg = Release|Any CPU
		{958E860A-6FF4-4CB2-B49A-869DD7640C59}.Release|Mixed Platforms.Build.0 = Release|Any CPU
		{958E860A-6FF4-4CB2-B49A-869DD7640C59}.Release|x86.ActiveCfg = Release|Any CPU
		{958E860A-6FF4-4CB2-B49A-869DD7640C59}.Release|x86.Build.0 = Release|Any CPU
		{0E0D1F3A-6A1E-4F6D-88BB-00A25CF76AC7}.Debug|Any CPU.ActiveCfg = Debug|Any CPU
		{0E0D1F3A-6A1E-4F6D-88BB-00A25CF76AC7}.Debug|Any CPU.Build.0 = Debug|Any CPU
		{0E0D1F3A-6A1E-4F6D-88BB-00A25CF76AC7}.Debug|Mixed Platforms.ActiveCfg = Debug|Any CPU
		{0E0D1F3A-6A1E-4F6D-88BB-00A25CF76AC7}.Debug|Mixed Platforms.Build.0 = Debug|Any CPU
		{0E0D1F3A-6A1E-4F6D-88BB-00A25CF76AC7}.Debug|x86.ActiveCfg = Debug|Any CPU
		{0E0D1F3A-6A1E-4F6D-88BB-00A25CF76AC7}.Debug|x86.Build.0 = Debug|Any CPU
		{0E0D1F3A-6A1E-4F6D-88BB-00A25CF76AC7}.Release|Any CPU.ActiveCfg = Release|Any CPU
		{0E0D1F3A-6A1E-4F6D-88BB-00A25CF76AC7}.Release|Any CPU.Build.0 = Release|Any CPU
		{0E0D1F3A-6A1E-4F6D-88BB-00A25CF76AC7}.Release|Mixed Platforms.ActiveCfg = Release|Any CPU
		{0E0D1F3A-6A1E-4F6D-88BB-00A25CF76AC7}.Release|Mixed Platforms.Build.0 = Release|Any CPU
		{0E0D1F3A-6A1E-4F6D-88BB-00A25CF76AC7}.Release|x86.ActiveCfg = Release|Any CPU
		{0E0D1F3A-6A1E-4F6D-88BB-00A25CF76AC7}.Release|x86.Build.0 = Release|Any CPU
		{3DDF4446-98B8-4055-AFC9-BD66169A0DD1}.Debug|Any CPU.ActiveCfg = Debug|Any CPU
		{3DDF4446-98B8-4055-AFC9-BD66169A0DD1}.Debug|Any CPU.Build.0 = Debug|Any CPU
		{3DDF4446-98B8-4055-AFC9-BD66169A0DD1}.Debug|Mixed Platforms.ActiveCfg = Debug|Any CPU
		{3DDF4446-98B8-4055-AFC9-BD66169A0DD1}.Debug|Mixed Platforms.Build.0 = Debug|Any CPU
		{3DDF4446-98B8-4055-AFC9-BD66169A0DD1}.Debug|x86.ActiveCfg = Debug|Any CPU
		{3DDF4446-98B8-4055-AFC9-BD66169A0DD1}.Debug|x86.Build.0 = Debug|Any CPU
		{3DDF4446-98B8-4055-AFC9-BD66169A0DD1}.Release|Any CPU.ActiveCfg = Release|Any CPU
		{3DDF4446-98B8-4055-AFC9-BD66169A0DD1}.Release|Any CPU.Build.0 = Release|Any CPU
		{3DDF4446-98B8-4055-AFC9-BD66169A0DD1}.Release|Mixed Platforms.ActiveCfg = Release|Any CPU
		{3DDF4446-98B8-4055-AFC9-BD66169A0DD1}.Release|Mixed Platforms.Build.0 = Release|Any CPU
		{3DDF4446-98B8-4055-AFC9-BD66169A0DD1}.Release|x86.ActiveCfg = Release|Any CPU
		{3DDF4446-98B8-4055-AFC9-BD66169A0DD1}.Release|x86.Build.0 = Release|Any CPU
		{62168D42-E2DA-4EC8-82C7-355F46191DFC}.Debug|Any CPU.ActiveCfg = Debug|Any CPU
		{62168D42-E2DA-4EC8-82C7-355F46191DFC}.Debug|Any CPU.Build.0 = Debug|Any CPU
		{62168D42-E2DA-4EC8-82C7-355F46191DFC}.Debug|Mixed Platforms.ActiveCfg = Debug|Any CPU
		{62168D42-E2DA-4EC8-82C7-355F46191DFC}.Debug|Mixed Platforms.Build.0 = Debug|Any CPU
		{62168D42-E2DA-4EC8-82C7-355F46191DFC}.Debug|x86.ActiveCfg = Debug|Any CPU
		{62168D42-E2DA-4EC8-82C7-355F46191DFC}.Debug|x86.Build.0 = Debug|Any CPU
		{62168D42-E2DA-4EC8-82C7-355F46191DFC}.Release|Any CPU.ActiveCfg = Release|Any CPU
		{62168D42-E2DA-4EC8-82C7-355F46191DFC}.Release|Any CPU.Build.0 = Release|Any CPU
		{62168D42-E2DA-4EC8-82C7-355F46191DFC}.Release|Mixed Platforms.ActiveCfg = Release|Any CPU
		{62168D42-E2DA-4EC8-82C7-355F46191DFC}.Release|Mixed Platforms.Build.0 = Release|Any CPU
		{62168D42-E2DA-4EC8-82C7-355F46191DFC}.Release|x86.ActiveCfg = Release|Any CPU
		{62168D42-E2DA-4EC8-82C7-355F46191DFC}.Release|x86.Build.0 = Release|Any CPU
		{79C08865-BE69-496E-AC15-6EEC727A0A65}.Debug|Any CPU.ActiveCfg = Debug|Any CPU
		{79C08865-BE69-496E-AC15-6EEC727A0A65}.Debug|Any CPU.Build.0 = Debug|Any CPU
		{79C08865-BE69-496E-AC15-6EEC727A0A65}.Debug|Mixed Platforms.ActiveCfg = Debug|Any CPU
		{79C08865-BE69-496E-AC15-6EEC727A0A65}.Debug|Mixed Platforms.Build.0 = Debug|Any CPU
		{79C08865-BE69-496E-AC15-6EEC727A0A65}.Debug|x86.ActiveCfg = Debug|Any CPU
		{79C08865-BE69-496E-AC15-6EEC727A0A65}.Debug|x86.Build.0 = Debug|Any CPU
		{79C08865-BE69-496E-AC15-6EEC727A0A65}.Release|Any CPU.ActiveCfg = Release|Any CPU
		{79C08865-BE69-496E-AC15-6EEC727A0A65}.Release|Any CPU.Build.0 = Release|Any CPU
		{79C08865-BE69-496E-AC15-6EEC727A0A65}.Release|Mixed Platforms.ActiveCfg = Release|Any CPU
		{79C08865-BE69-496E-AC15-6EEC727A0A65}.Release|Mixed Platforms.Build.0 = Release|Any CPU
		{79C08865-BE69-496E-AC15-6EEC727A0A65}.Release|x86.ActiveCfg = Release|Any CPU
		{79C08865-BE69-496E-AC15-6EEC727A0A65}.Release|x86.Build.0 = Release|Any CPU
		{13B8518D-2A24-4194-A12B-70A23D2C81E6}.Debug|Any CPU.ActiveCfg = Debug|Any CPU
		{13B8518D-2A24-4194-A12B-70A23D2C81E6}.Debug|Any CPU.Build.0 = Debug|Any CPU
		{13B8518D-2A24-4194-A12B-70A23D2C81E6}.Debug|Mixed Platforms.ActiveCfg = Debug|Any CPU
		{13B8518D-2A24-4194-A12B-70A23D2C81E6}.Debug|Mixed Platforms.Build.0 = Debug|Any CPU
		{13B8518D-2A24-4194-A12B-70A23D2C81E6}.Debug|x86.ActiveCfg = Debug|Any CPU
		{13B8518D-2A24-4194-A12B-70A23D2C81E6}.Debug|x86.Build.0 = Debug|Any CPU
		{13B8518D-2A24-4194-A12B-70A23D2C81E6}.Release|Any CPU.ActiveCfg = Release|Any CPU
		{13B8518D-2A24-4194-A12B-70A23D2C81E6}.Release|Any CPU.Build.0 = Release|Any CPU
		{13B8518D-2A24-4194-A12B-70A23D2C81E6}.Release|Mixed Platforms.ActiveCfg = Release|Any CPU
		{13B8518D-2A24-4194-A12B-70A23D2C81E6}.Release|Mixed Platforms.Build.0 = Release|Any CPU
		{13B8518D-2A24-4194-A12B-70A23D2C81E6}.Release|x86.ActiveCfg = Release|Any CPU
		{13B8518D-2A24-4194-A12B-70A23D2C81E6}.Release|x86.Build.0 = Release|Any CPU
		{7659A52F-D4CB-42B3-AFF8-0B525319BE57}.Debug|Any CPU.ActiveCfg = Debug|Any CPU
		{7659A52F-D4CB-42B3-AFF8-0B525319BE57}.Debug|Any CPU.Build.0 = Debug|Any CPU
		{7659A52F-D4CB-42B3-AFF8-0B525319BE57}.Debug|Mixed Platforms.ActiveCfg = Debug|Any CPU
		{7659A52F-D4CB-42B3-AFF8-0B525319BE57}.Debug|Mixed Platforms.Build.0 = Debug|Any CPU
		{7659A52F-D4CB-42B3-AFF8-0B525319BE57}.Debug|x86.ActiveCfg = Debug|Any CPU
		{7659A52F-D4CB-42B3-AFF8-0B525319BE57}.Debug|x86.Build.0 = Debug|Any CPU
		{7659A52F-D4CB-42B3-AFF8-0B525319BE57}.Release|Any CPU.ActiveCfg = Release|Any CPU
		{7659A52F-D4CB-42B3-AFF8-0B525319BE57}.Release|Any CPU.Build.0 = Release|Any CPU
		{7659A52F-D4CB-42B3-AFF8-0B525319BE57}.Release|Mixed Platforms.ActiveCfg = Release|Any CPU
		{7659A52F-D4CB-42B3-AFF8-0B525319BE57}.Release|Mixed Platforms.Build.0 = Release|Any CPU
		{7659A52F-D4CB-42B3-AFF8-0B525319BE57}.Release|x86.ActiveCfg = Release|Any CPU
		{7659A52F-D4CB-42B3-AFF8-0B525319BE57}.Release|x86.Build.0 = Release|Any CPU
		{CC967217-1909-497B-BCA5-970AE8A30747}.Debug|Any CPU.ActiveCfg = Debug|Any CPU
		{CC967217-1909-497B-BCA5-970AE8A30747}.Debug|Any CPU.Build.0 = Debug|Any CPU
		{CC967217-1909-497B-BCA5-970AE8A30747}.Debug|Mixed Platforms.ActiveCfg = Debug|Any CPU
		{CC967217-1909-497B-BCA5-970AE8A30747}.Debug|Mixed Platforms.Build.0 = Debug|Any CPU
		{CC967217-1909-497B-BCA5-970AE8A30747}.Debug|x86.ActiveCfg = Debug|Any CPU
		{CC967217-1909-497B-BCA5-970AE8A30747}.Debug|x86.Build.0 = Debug|Any CPU
		{CC967217-1909-497B-BCA5-970AE8A30747}.Release|Any CPU.ActiveCfg = Release|Any CPU
		{CC967217-1909-497B-BCA5-970AE8A30747}.Release|Any CPU.Build.0 = Release|Any CPU
		{CC967217-1909-497B-BCA5-970AE8A30747}.Release|Mixed Platforms.ActiveCfg = Release|Any CPU
		{CC967217-1909-497B-BCA5-970AE8A30747}.Release|Mixed Platforms.Build.0 = Release|Any CPU
		{CC967217-1909-497B-BCA5-970AE8A30747}.Release|x86.ActiveCfg = Release|Any CPU
		{CC967217-1909-497B-BCA5-970AE8A30747}.Release|x86.Build.0 = Release|Any CPU
		{17A37D44-264C-428D-AFC9-2C4DB61B0C22}.Debug|Any CPU.ActiveCfg = Debug|Any CPU
		{17A37D44-264C-428D-AFC9-2C4DB61B0C22}.Debug|Any CPU.Build.0 = Debug|Any CPU
		{17A37D44-264C-428D-AFC9-2C4DB61B0C22}.Debug|Mixed Platforms.ActiveCfg = Debug|Any CPU
		{17A37D44-264C-428D-AFC9-2C4DB61B0C22}.Debug|Mixed Platforms.Build.0 = Debug|Any CPU
		{17A37D44-264C-428D-AFC9-2C4DB61B0C22}.Debug|x86.ActiveCfg = Debug|Any CPU
		{17A37D44-264C-428D-AFC9-2C4DB61B0C22}.Debug|x86.Build.0 = Debug|Any CPU
		{17A37D44-264C-428D-AFC9-2C4DB61B0C22}.Release|Any CPU.ActiveCfg = Release|Any CPU
		{17A37D44-264C-428D-AFC9-2C4DB61B0C22}.Release|Any CPU.Build.0 = Release|Any CPU
		{17A37D44-264C-428D-AFC9-2C4DB61B0C22}.Release|Mixed Platforms.ActiveCfg = Release|Any CPU
		{17A37D44-264C-428D-AFC9-2C4DB61B0C22}.Release|Mixed Platforms.Build.0 = Release|Any CPU
		{17A37D44-264C-428D-AFC9-2C4DB61B0C22}.Release|x86.ActiveCfg = Release|Any CPU
		{17A37D44-264C-428D-AFC9-2C4DB61B0C22}.Release|x86.Build.0 = Release|Any CPU
		{B23427E3-B322-4003-8CCD-1C3840213B43}.Debug|Any CPU.ActiveCfg = Debug|Any CPU
		{B23427E3-B322-4003-8CCD-1C3840213B43}.Debug|Any CPU.Build.0 = Debug|Any CPU
		{B23427E3-B322-4003-8CCD-1C3840213B43}.Debug|Mixed Platforms.ActiveCfg = Debug|Any CPU
		{B23427E3-B322-4003-8CCD-1C3840213B43}.Debug|Mixed Platforms.Build.0 = Debug|Any CPU
		{B23427E3-B322-4003-8CCD-1C3840213B43}.Debug|x86.ActiveCfg = Debug|Any CPU
		{B23427E3-B322-4003-8CCD-1C3840213B43}.Debug|x86.Build.0 = Debug|Any CPU
		{B23427E3-B322-4003-8CCD-1C3840213B43}.Release|Any CPU.ActiveCfg = Release|Any CPU
		{B23427E3-B322-4003-8CCD-1C3840213B43}.Release|Any CPU.Build.0 = Release|Any CPU
		{B23427E3-B322-4003-8CCD-1C3840213B43}.Release|Mixed Platforms.ActiveCfg = Release|Any CPU
		{B23427E3-B322-4003-8CCD-1C3840213B43}.Release|Mixed Platforms.Build.0 = Release|Any CPU
		{B23427E3-B322-4003-8CCD-1C3840213B43}.Release|x86.ActiveCfg = Release|Any CPU
		{B23427E3-B322-4003-8CCD-1C3840213B43}.Release|x86.Build.0 = Release|Any CPU
		{E9689D3A-E404-48E3-9544-138358EB13B1}.Debug|Any CPU.ActiveCfg = Debug|Any CPU
		{E9689D3A-E404-48E3-9544-138358EB13B1}.Debug|Any CPU.Build.0 = Debug|Any CPU
		{E9689D3A-E404-48E3-9544-138358EB13B1}.Debug|Mixed Platforms.ActiveCfg = Debug|Any CPU
		{E9689D3A-E404-48E3-9544-138358EB13B1}.Debug|Mixed Platforms.Build.0 = Debug|Any CPU
		{E9689D3A-E404-48E3-9544-138358EB13B1}.Debug|x86.ActiveCfg = Debug|Any CPU
		{E9689D3A-E404-48E3-9544-138358EB13B1}.Debug|x86.Build.0 = Debug|Any CPU
		{E9689D3A-E404-48E3-9544-138358EB13B1}.Release|Any CPU.ActiveCfg = Release|Any CPU
		{E9689D3A-E404-48E3-9544-138358EB13B1}.Release|Any CPU.Build.0 = Release|Any CPU
		{E9689D3A-E404-48E3-9544-138358EB13B1}.Release|Mixed Platforms.ActiveCfg = Release|Any CPU
		{E9689D3A-E404-48E3-9544-138358EB13B1}.Release|Mixed Platforms.Build.0 = Release|Any CPU
		{E9689D3A-E404-48E3-9544-138358EB13B1}.Release|x86.ActiveCfg = Release|Any CPU
		{E9689D3A-E404-48E3-9544-138358EB13B1}.Release|x86.Build.0 = Release|Any CPU
		{2F5173A6-7775-4468-AD3E-E3E599D6EE8D}.Debug|Any CPU.ActiveCfg = Debug|Any CPU
		{2F5173A6-7775-4468-AD3E-E3E599D6EE8D}.Debug|Any CPU.Build.0 = Debug|Any CPU
		{2F5173A6-7775-4468-AD3E-E3E599D6EE8D}.Debug|Mixed Platforms.ActiveCfg = Debug|Any CPU
		{2F5173A6-7775-4468-AD3E-E3E599D6EE8D}.Debug|Mixed Platforms.Build.0 = Debug|Any CPU
		{2F5173A6-7775-4468-AD3E-E3E599D6EE8D}.Debug|x86.ActiveCfg = Debug|Any CPU
		{2F5173A6-7775-4468-AD3E-E3E599D6EE8D}.Debug|x86.Build.0 = Debug|Any CPU
		{2F5173A6-7775-4468-AD3E-E3E599D6EE8D}.Release|Any CPU.ActiveCfg = Release|Any CPU
		{2F5173A6-7775-4468-AD3E-E3E599D6EE8D}.Release|Any CPU.Build.0 = Release|Any CPU
		{2F5173A6-7775-4468-AD3E-E3E599D6EE8D}.Release|Mixed Platforms.ActiveCfg = Release|Any CPU
		{2F5173A6-7775-4468-AD3E-E3E599D6EE8D}.Release|Mixed Platforms.Build.0 = Release|Any CPU
		{2F5173A6-7775-4468-AD3E-E3E599D6EE8D}.Release|x86.ActiveCfg = Release|Any CPU
		{2F5173A6-7775-4468-AD3E-E3E599D6EE8D}.Release|x86.Build.0 = Release|Any CPU
	EndGlobalSection
	GlobalSection(SolutionProperties) = preSolution
		HideSolutionNode = FALSE
	EndGlobalSection
	GlobalSection(NestedProjects) = preSolution
		{CC967217-1909-497B-BCA5-970AE8A30747} = {8989B9D3-70D5-4996-BE29-F32152CE7A8E}
		{17A37D44-264C-428D-AFC9-2C4DB61B0C22} = {AD8351FF-81D0-47F1-8BC1-C05967B3A625}
		{E9689D3A-E404-48E3-9544-138358EB13B1} = {C84685B9-4921-464F-94E6-354A25BBDF47}
	EndGlobalSection
	GlobalSection(ExtensibilityGlobals) = postSolution
		SolutionGuid = {7EE73F1F-4819-4758-8369-797054C5124C}
	EndGlobalSection
EndGlobal
